
Microsoft Visual Studio Solution File, Format Version 12.00
# Visual Studio Version 17
VisualStudioVersion = 17.5.33530.505
MinimumVisualStudioVersion = 10.0.40219.1
Project("{FAE04EC0-301F-11D3-BF4B-00C04F79EFBC}") = "Задание2", "Задание2.csproj", "{00846D10-3530-4C59-85AF-20C3CB2D8B92}"
EndProject
Global
	GlobalSection(SolutionConfigurationPlatforms) = preSolution
		Debug|Any CPU = Debug|Any CPU
		Release|Any CPU = Release|Any CPU
	EndGlobalSection
	GlobalSection(ProjectConfigurationPlatforms) = postSolution
		{00846D10-3530-4C59-85AF-20C3CB2D8B92}.Debug|Any CPU.ActiveCfg = Debug|Any CPU
		{00846D10-3530-4C59-85AF-20C3CB2D8B92}.Debug|Any CPU.Build.0 = Debug|Any CPU
		{00846D10-3530-4C59-85AF-20C3CB2D8B92}.Release|Any CPU.ActiveCfg = Release|Any CPU
		{00846D10-3530-4C59-85AF-20C3CB2D8B92}.Release|Any CPU.Build.0 = Release|Any CPU
	EndGlobalSection
	GlobalSection(SolutionProperties) = preSolution
		HideSolutionNode = FALSE
	EndGlobalSection
	GlobalSection(ExtensibilityGlobals) = postSolution
		SolutionGuid = {E3F03444-32D1-4595-BB74-B33ACE0A4543}
	EndGlobalSection
EndGlobal
